
Microsoft Visual Studio Solution File, Format Version 12.00
# Visual Studio Version 16
VisualStudioVersion = 16.0.30503.244
MinimumVisualStudioVersion = 10.0.40219.1
Project("{FAE04EC0-301F-11D3-BF4B-00C04F79EFBC}") = "Advanced Bowling", "Advanced Bowling\Advanced Bowling.csproj", "{A0EA47FA-9D3D-472B-A3D3-BFF6C00C6037}"
EndProject
Global
	GlobalSection(SolutionConfigurationPlatforms) = preSolution
		Debug|Any CPU = Debug|Any CPU
		Release|Any CPU = Release|Any CPU
	EndGlobalSection
	GlobalSection(ProjectConfigurationPlatforms) = postSolution
		{A0EA47FA-9D3D-472B-A3D3-BFF6C00C6037}.Debug|Any CPU.ActiveCfg = Debug|Any CPU
		{A0EA47FA-9D3D-472B-A3D3-BFF6C00C6037}.Debug|Any CPU.Build.0 = Debug|Any CPU
		{A0EA47FA-9D3D-472B-A3D3-BFF6C00C6037}.Release|Any CPU.ActiveCfg = Release|Any CPU
		{A0EA47FA-9D3D-472B-A3D3-BFF6C00C6037}.Release|Any CPU.Build.0 = Release|Any CPU
	EndGlobalSection
	GlobalSection(SolutionProperties) = preSolution
		HideSolutionNode = FALSE
	EndGlobalSection
	GlobalSection(ExtensibilityGlobals) = postSolution
		SolutionGuid = {F4E2E560-C1FA-4CAB-BC13-A8E22618EBED}
	EndGlobalSection
EndGlobal
