
Microsoft Visual Studio Solution File, Format Version 12.00
# Visual Studio Version 16
VisualStudioVersion = 16.0.30503.244
MinimumVisualStudioVersion = 10.0.40219.1
Project("{FAE04EC0-301F-11D3-BF4B-00C04F79EFBC}") = "School", "School\School.csproj", "{AF3A3837-3872-4BDD-AB38-EEB13124207A}"
EndProject
Project("{FAE04EC0-301F-11D3-BF4B-00C04F79EFBC}") = "DiceRolling", "DiceRolling\DiceRolling.csproj", "{AA0EB253-AB93-4678-9D54-49B4C094475A}"
EndProject
Global
	GlobalSection(SolutionConfigurationPlatforms) = preSolution
		Debug|Any CPU = Debug|Any CPU
		Release|Any CPU = Release|Any CPU
	EndGlobalSection
	GlobalSection(ProjectConfigurationPlatforms) = postSolution
		{AF3A3837-3872-4BDD-AB38-EEB13124207A}.Debug|Any CPU.ActiveCfg = Debug|Any CPU
		{AF3A3837-3872-4BDD-AB38-EEB13124207A}.Debug|Any CPU.Build.0 = Debug|Any CPU
		{AF3A3837-3872-4BDD-AB38-EEB13124207A}.Release|Any CPU.ActiveCfg = Release|Any CPU
		{AF3A3837-3872-4BDD-AB38-EEB13124207A}.Release|Any CPU.Build.0 = Release|Any CPU
		{AA0EB253-AB93-4678-9D54-49B4C094475A}.Debug|Any CPU.ActiveCfg = Debug|Any CPU
		{AA0EB253-AB93-4678-9D54-49B4C094475A}.Debug|Any CPU.Build.0 = Debug|Any CPU
		{AA0EB253-AB93-4678-9D54-49B4C094475A}.Release|Any CPU.ActiveCfg = Release|Any CPU
		{AA0EB253-AB93-4678-9D54-49B4C094475A}.Release|Any CPU.Build.0 = Release|Any CPU
	EndGlobalSection
	GlobalSection(SolutionProperties) = preSolution
		HideSolutionNode = FALSE
	EndGlobalSection
	GlobalSection(ExtensibilityGlobals) = postSolution
		SolutionGuid = {463B2A02-5BE1-4118-AA7F-415FEFDD87D0}
	EndGlobalSection
EndGlobal
