
Microsoft Visual Studio Solution File, Format Version 12.00
# Visual Studio Version 16
VisualStudioVersion = 16.0.30503.244
MinimumVisualStudioVersion = 10.0.40219.1
Project("{FAE04EC0-301F-11D3-BF4B-00C04F79EFBC}") = "GelatinousCubeArmy", "GelatinousCubeArmy\GelatinousCubeArmy.csproj", "{047D5349-3574-49F7-A4A3-459C65AFB17F}"
EndProject
Project("{FAE04EC0-301F-11D3-BF4B-00C04F79EFBC}") = "Bowling", "..\School\Bowling\Bowling.csproj", "{F6B04C80-09F5-452F-A45F-A21FDCE18FBE}"
EndProject
Global
	GlobalSection(SolutionConfigurationPlatforms) = preSolution
		Debug|Any CPU = Debug|Any CPU
		Release|Any CPU = Release|Any CPU
	EndGlobalSection
	GlobalSection(ProjectConfigurationPlatforms) = postSolution
		{047D5349-3574-49F7-A4A3-459C65AFB17F}.Debug|Any CPU.ActiveCfg = Debug|Any CPU
		{047D5349-3574-49F7-A4A3-459C65AFB17F}.Debug|Any CPU.Build.0 = Debug|Any CPU
		{047D5349-3574-49F7-A4A3-459C65AFB17F}.Release|Any CPU.ActiveCfg = Release|Any CPU
		{047D5349-3574-49F7-A4A3-459C65AFB17F}.Release|Any CPU.Build.0 = Release|Any CPU
		{F6B04C80-09F5-452F-A45F-A21FDCE18FBE}.Debug|Any CPU.ActiveCfg = Debug|Any CPU
		{F6B04C80-09F5-452F-A45F-A21FDCE18FBE}.Debug|Any CPU.Build.0 = Debug|Any CPU
		{F6B04C80-09F5-452F-A45F-A21FDCE18FBE}.Release|Any CPU.ActiveCfg = Release|Any CPU
		{F6B04C80-09F5-452F-A45F-A21FDCE18FBE}.Release|Any CPU.Build.0 = Release|Any CPU
	EndGlobalSection
	GlobalSection(SolutionProperties) = preSolution
		HideSolutionNode = FALSE
	EndGlobalSection
	GlobalSection(ExtensibilityGlobals) = postSolution
		SolutionGuid = {1C042012-FE96-470D-BEB2-B496B3C3267E}
	EndGlobalSection
EndGlobal
