
Microsoft Visual Studio Solution File, Format Version 12.00
# Visual Studio Version 16
VisualStudioVersion = 16.0.30503.244
MinimumVisualStudioVersion = 10.0.40219.1
Project("{FAE04EC0-301F-11D3-BF4B-00C04F79EFBC}") = "W5D2M3 Everything Combined Bowling", "W5D2M3 Everything Combined Bowling\W5D2M3 Everything Combined Bowling.csproj", "{3B1FCD70-6DBF-433D-BCB7-892719474EAC}"
EndProject
Global
	GlobalSection(SolutionConfigurationPlatforms) = preSolution
		Debug|Any CPU = Debug|Any CPU
		Release|Any CPU = Release|Any CPU
	EndGlobalSection
	GlobalSection(ProjectConfigurationPlatforms) = postSolution
		{3B1FCD70-6DBF-433D-BCB7-892719474EAC}.Debug|Any CPU.ActiveCfg = Debug|Any CPU
		{3B1FCD70-6DBF-433D-BCB7-892719474EAC}.Debug|Any CPU.Build.0 = Debug|Any CPU
		{3B1FCD70-6DBF-433D-BCB7-892719474EAC}.Release|Any CPU.ActiveCfg = Release|Any CPU
		{3B1FCD70-6DBF-433D-BCB7-892719474EAC}.Release|Any CPU.Build.0 = Release|Any CPU
	EndGlobalSection
	GlobalSection(SolutionProperties) = preSolution
		HideSolutionNode = FALSE
	EndGlobalSection
	GlobalSection(ExtensibilityGlobals) = postSolution
		SolutionGuid = {C204994F-E850-4C9A-AFD0-C11A8666FBBB}
	EndGlobalSection
EndGlobal
